{
  "name": "paper-pocket",
  "version": "0.0.0",
  "lockfileVersion": 3,
  "requires": true,
  "packages": {
    "": {
      "name": "paper-pocket",
      "version": "0.0.0",
      "devDependencies": {
        "@tauri-apps/cli": "^2.0.0-alpha.20"
      }
    },
    "node_modules/@tauri-apps/cli": {
      "version": "2.0.0-alpha.21",
      "resolved": "https://registry.npmjs.org/@tauri-apps/cli/-/cli-2.0.0-alpha.21.tgz",
      "integrity": "sha512-s61QfaKV1njrCrnjE/L2Yn1PrnxUs8I2iUI8NULjLYdOyFLCxu9UlW/kWQa9+ODJA8gYLl5txUH2fkkFdyOsCA==",
      "dev": true,
      "bin": {
        "tauri": "tauri.js"
      },
      "engines": {
        "node": ">= 10"
      },
      "funding": {
        "type": "opencollective",
        "url": "https://opencollective.com/tauri"
      },
      "optionalDependencies": {
        "@tauri-apps/cli-darwin-arm64": "2.0.0-alpha.21",
        "@tauri-apps/cli-darwin-x64": "2.0.0-alpha.21",
        "@tauri-apps/cli-linux-arm-gnueabihf": "2.0.0-alpha.21",
        "@tauri-apps/cli-linux-arm64-gnu": "2.0.0-alpha.21",
        "@tauri-apps/cli-linux-arm64-musl": "2.0.0-alpha.21",
        "@tauri-apps/cli-linux-x64-gnu": "2.0.0-alpha.21",
        "@tauri-apps/cli-linux-x64-musl": "2.0.0-alpha.21",
        "@tauri-apps/cli-win32-arm64-msvc": "2.0.0-alpha.21",
        "@tauri-apps/cli-win32-ia32-msvc": "2.0.0-alpha.21",
        "@tauri-apps/cli-win32-x64-msvc": "2.0.0-alpha.21"
      }
    },
    "node_modules/@tauri-apps/cli-darwin-arm64": {
      "version": "2.0.0-alpha.21",
      "resolved": "https://registry.npmjs.org/@tauri-apps/cli-darwin-arm64/-/cli-darwin-arm64-2.0.0-alpha.21.tgz",
      "integrity": "sha512-TqUYeAyEDSodxPXSgGy208uS3t15JU24uSDN0QQZKX2l7jTah9uuzRhzqQsORPWIEwqc+cHugK1OKJ9WN44cCA==",
      "cpu": [
        "arm64"
      ],
      "dev": true,
      "optional": true,
      "os": [
        "darwin"
      ],
      "engines": {
        "node": ">= 10"
      }
    },
    "node_modules/@tauri-apps/cli-darwin-x64": {
      "version": "2.0.0-alpha.21",
      "resolved": "https://registry.npmjs.org/@tauri-apps/cli-darwin-x64/-/cli-darwin-x64-2.0.0-alpha.21.tgz",
      "integrity": "sha512-56SuCjBPvlk+rsRkokXdKGKD94bGEcG4fbSD7Ik1EohyBvstMdqWP7Gef3Q1g6dkFFHXIXLV6QkDYpDIVxyckw==",
      "cpu": [
        "x64"
      ],
      "dev": true,
      "optional": true,
      "os": [
        "darwin"
      ],
      "engines": {
        "node": ">= 10"
      }
    },
    "node_modules/@tauri-apps/cli-linux-arm-gnueabihf": {
      "version": "2.0.0-alpha.21",
      "resolved": "https://registry.npmjs.org/@tauri-apps/cli-linux-arm-gnueabihf/-/cli-linux-arm-gnueabihf-2.0.0-alpha.21.tgz",
      "integrity": "sha512-l8zbj2ze532YlEB7z3xqnVRQFudU8kOTVMyv64vDWtteiNCKPCt2XZWJIaqzBhl1i0D/yTRmymzl0fIs6CRgEQ==",
      "cpu": [
        "arm"
      ],
      "dev": true,
      "optional": true,
      "os": [
        "linux"
      ],
      "engines": {
        "node": ">= 10"
      }
    },
    "node_modules/@tauri-apps/cli-linux-arm64-gnu": {
      "version": "2.0.0-alpha.21",
      "resolved": "https://registry.npmjs.org/@tauri-apps/cli-linux-arm64-gnu/-/cli-linux-arm64-gnu-2.0.0-alpha.21.tgz",
      "integrity": "sha512-q3XHOGEcw8zQRWDtKqXauqSVUlE8RSWD6TK63ZOp3e1onZ4aYKZl3MxXI+/XgZoQxoubM5xg5yrQRDtiaQoa7A==",
      "cpu": [
        "arm64"
      ],
      "dev": true,
      "optional": true,
      "os": [
        "linux"
      ],
      "engines": {
        "node": ">= 10"
      }
    },
    "node_modules/@tauri-apps/cli-linux-arm64-musl": {
      "version": "2.0.0-alpha.21",
      "resolved": "https://registry.npmjs.org/@tauri-apps/cli-linux-arm64-musl/-/cli-linux-arm64-musl-2.0.0-alpha.21.tgz",
      "integrity": "sha512-G4lz7dWKhfAk1rT4GD/F2ZAw44HkPf6rBxZnBaIRZq2CyusryLpNpGd6D6ahlqTlw/gY23jxm4UpXWmrMCJ6WQ==",
      "cpu": [
        "arm64"
      ],
      "dev": true,
      "optional": true,
      "os": [
        "linux"
      ],
      "engines": {
        "node": ">= 10"
      }
    },
    "node_modules/@tauri-apps/cli-linux-x64-gnu": {
      "version": "2.0.0-alpha.21",
      "resolved": "https://registry.npmjs.org/@tauri-apps/cli-linux-x64-gnu/-/cli-linux-x64-gnu-2.0.0-alpha.21.tgz",
      "integrity": "sha512-2rDoNt+Jp0BTPB3zipjTb0HiYK5VOO44Fovhj1tSnOEGD030qFNb9jHEUv1Z2fGYVicwNuEzP1K98iNby+4QzA==",
      "cpu": [
        "x64"
      ],
      "dev": true,
      "optional": true,
      "os": [
        "linux"
      ],
      "engines": {
        "node": ">= 10"
      }
    },
    "node_modules/@tauri-apps/cli-linux-x64-musl": {
      "version": "2.0.0-alpha.21",
      "resolved": "https://registry.npmjs.org/@tauri-apps/cli-linux-x64-musl/-/cli-linux-x64-musl-2.0.0-alpha.21.tgz",
      "integrity": "sha512-kYD2uWhrSIA7EA74YNE0RUajGV2eM7kGarJWNROCCNhJakLZT3mSXMvJ+IsT79QsGW9qrYmWe8C5kdbFcnx+zg==",
      "cpu": [
        "x64"
      ],
      "dev": true,
      "optional": true,
      "os": [
        "linux"
      ],
      "engines": {
        "node": ">= 10"
      }
    },
    "node_modules/@tauri-apps/cli-win32-arm64-msvc": {
      "version": "2.0.0-alpha.21",
      "resolved": "https://registry.npmjs.org/@tauri-apps/cli-win32-arm64-msvc/-/cli-win32-arm64-msvc-2.0.0-alpha.21.tgz",
      "integrity": "sha512-5qi9OGO623G+FUfZgbEUFicllWZLLcN4NyZsNy8JELuimPR0D5yNUxjhmhijIPd3Psb0kd4+blk5iGTTLsNszQ==",
      "cpu": [
        "arm64"
      ],
      "dev": true,
      "optional": true,
      "os": [
        "win32"
      ],
      "engines": {
        "node": ">= 10"
      }
    },
    "node_modules/@tauri-apps/cli-win32-ia32-msvc": {
      "version": "2.0.0-alpha.21",
      "resolved": "https://registry.npmjs.org/@tauri-apps/cli-win32-ia32-msvc/-/cli-win32-ia32-msvc-2.0.0-alpha.21.tgz",
      "integrity": "sha512-1cpJUulqxP/jMvvDB0MG8isnIhg8aHasI37/Fdj/41IwkLHAah1cvQxbjIoT++o/qzfGqDtpjmm9c34gjRRTGw==",
      "cpu": [
        "ia32"
      ],
      "dev": true,
      "optional": true,
      "os": [
        "win32"
      ],
      "engines": {
        "node": ">= 10"
      }
    },
    "node_modules/@tauri-apps/cli-win32-x64-msvc": {
      "version": "2.0.0-alpha.21",
      "resolved": "https://registry.npmjs.org/@tauri-apps/cli-win32-x64-msvc/-/cli-win32-x64-msvc-2.0.0-alpha.21.tgz",
      "integrity": "sha512-pp5zz9xhS5rTacTsS1qH2xVWR5H3QQ3Bs/1K+zSK+xKYym5rEZxHjv8LHEq1eMu0ALq7lhNcFw/ULcWXt481xQ==",
      "cpu": [
        "x64"
      ],
      "dev": true,
      "optional": true,
      "os": [
        "win32"
      ],
      "engines": {
        "node": ">= 10"
      }
    }
  }
}
